
Microsoft Visual Studio Solution File, Format Version 12.00
# Visual Studio Version 17
VisualStudioVersion = 17.4.33213.308
MinimumVisualStudioVersion = 10.0.40219.1
Project("{FAE04EC0-301F-11D3-BF4B-00C04F79EFBC}") = "CleaningServices1", "CleaningServices1.csproj", "{CDAE7F06-D82B-4517-AFDC-91D9CB8EED71}"
EndProject
Global
	GlobalSection(SolutionConfigurationPlatforms) = preSolution
		Debug|Any CPU = Debug|Any CPU
		Release|Any CPU = Release|Any CPU
	EndGlobalSection
	GlobalSection(ProjectConfigurationPlatforms) = postSolution
		{CDAE7F06-D82B-4517-AFDC-91D9CB8EED71}.Debug|Any CPU.ActiveCfg = Debug|Any CPU
		{CDAE7F06-D82B-4517-AFDC-91D9CB8EED71}.Debug|Any CPU.Build.0 = Debug|Any CPU
		{CDAE7F06-D82B-4517-AFDC-91D9CB8EED71}.Release|Any CPU.ActiveCfg = Release|Any CPU
		{CDAE7F06-D82B-4517-AFDC-91D9CB8EED71}.Release|Any CPU.Build.0 = Release|Any CPU
	EndGlobalSection
	GlobalSection(SolutionProperties) = preSolution
		HideSolutionNode = FALSE
	EndGlobalSection
	GlobalSection(ExtensibilityGlobals) = postSolution
		SolutionGuid = {1C750D56-0E50-48AA-81A7-70008B7BC864}
	EndGlobalSection
EndGlobal
